
Microsoft Visual Studio Solution File, Format Version 12.00
# Visual Studio Version 16
VisualStudioVersion = 16.0.30413.136
MinimumVisualStudioVersion = 10.0.40219.1
Project("{FAE04EC0-301F-11D3-BF4B-00C04F79EFBC}") = "EtecAB", "EtecAB\EtecAB.csproj", "{14A966A4-83A4-4477-AE4C-FCCF6A416168}"
EndProject
Global
	GlobalSection(SolutionConfigurationPlatforms) = preSolution
		Debug|Any CPU = Debug|Any CPU
		Release|Any CPU = Release|Any CPU
	EndGlobalSection
	GlobalSection(ProjectConfigurationPlatforms) = postSolution
		{14A966A4-83A4-4477-AE4C-FCCF6A416168}.Debug|Any CPU.ActiveCfg = Debug|Any CPU
		{14A966A4-83A4-4477-AE4C-FCCF6A416168}.Debug|Any CPU.Build.0 = Debug|Any CPU
		{14A966A4-83A4-4477-AE4C-FCCF6A416168}.Release|Any CPU.ActiveCfg = Release|Any CPU
		{14A966A4-83A4-4477-AE4C-FCCF6A416168}.Release|Any CPU.Build.0 = Release|Any CPU
	EndGlobalSection
	GlobalSection(SolutionProperties) = preSolution
		HideSolutionNode = FALSE
	EndGlobalSection
	GlobalSection(ExtensibilityGlobals) = postSolution
		SolutionGuid = {15D34EFF-A08F-4FBE-A980-0B65796EBD24}
	EndGlobalSection
EndGlobal
